{
    "_meta": {
        "hash": {
            "sha256": "83fa6c3452570a5dad07e58b69fc67f33a7fac41635160f3c60438b2478ef67a"
        },
        "requires": {},
        "sources": [
            {
                "url": "https://pypi.python.org/simple",
                "verify_ssl": true
            }
        ]
    },
    "default": {
        "click": {
            "version": "==6.7"
        },
        "flask": {
            "version": "==0.12.2"
        },
        "itsdangerous": {
            "version": "==0.24"
        },
        "jinja2": {
            "version": "==2.9.6"
        },
        "markupsafe": {
            "version": "==1.0"
        },
        "mysqlclient": {
            "version": "==1.3.10"
        },
        "werkzeug": {
            "version": "==0.12.2"
        }
    },
    "develop": {}
}
